
Microsoft Visual Studio Solution File, Format Version 12.00
# Visual Studio Version 17
VisualStudioVersion = 17.6.33712.159
MinimumVisualStudioVersion = 10.0.40219.1
Project("{FAE04EC0-301F-11D3-BF4B-00C04F79EFBC}") = "ConsoleApp51", "ConsoleApp51\ConsoleApp51.csproj", "{417294DD-1AF8-4A3A-BEAE-FEAC02303FE6}"
EndProject
Global
	GlobalSection(SolutionConfigurationPlatforms) = preSolution
		Debug|Any CPU = Debug|Any CPU
		Release|Any CPU = Release|Any CPU
	EndGlobalSection
	GlobalSection(ProjectConfigurationPlatforms) = postSolution
		{417294DD-1AF8-4A3A-BEAE-FEAC02303FE6}.Debug|Any CPU.ActiveCfg = Debug|Any CPU
		{417294DD-1AF8-4A3A-BEAE-FEAC02303FE6}.Debug|Any CPU.Build.0 = Debug|Any CPU
		{417294DD-1AF8-4A3A-BEAE-FEAC02303FE6}.Release|Any CPU.ActiveCfg = Release|Any CPU
		{417294DD-1AF8-4A3A-BEAE-FEAC02303FE6}.Release|Any CPU.Build.0 = Release|Any CPU
	EndGlobalSection
	GlobalSection(SolutionProperties) = preSolution
		HideSolutionNode = FALSE
	EndGlobalSection
	GlobalSection(ExtensibilityGlobals) = postSolution
		SolutionGuid = {6731F00C-D958-428C-9F34-5B734D41D930}
	EndGlobalSection
EndGlobal
